
Microsoft Visual Studio Solution File, Format Version 12.00
# Visual Studio Version 16
VisualStudioVersion = 16.0.30503.244
MinimumVisualStudioVersion = 10.0.40219.1
Project("{FAE04EC0-301F-11D3-BF4B-00C04F79EFBC}") = "BetterLoadingScreen", "OldLoadingScreen\BetterLoadingScreen.csproj", "{ADD8E726-64C5-4125-B583-AB65D833099E}"
EndProject
Global
	GlobalSection(SolutionConfigurationPlatforms) = preSolution
		Debug|Any CPU = Debug|Any CPU
		Release|Any CPU = Release|Any CPU
	EndGlobalSection
	GlobalSection(ProjectConfigurationPlatforms) = postSolution
		{ADD8E726-64C5-4125-B583-AB65D833099E}.Debug|Any CPU.ActiveCfg = Debug|Any CPU
		{ADD8E726-64C5-4125-B583-AB65D833099E}.Debug|Any CPU.Build.0 = Debug|Any CPU
		{ADD8E726-64C5-4125-B583-AB65D833099E}.Release|Any CPU.ActiveCfg = Release|Any CPU
		{ADD8E726-64C5-4125-B583-AB65D833099E}.Release|Any CPU.Build.0 = Release|Any CPU
	EndGlobalSection
	GlobalSection(SolutionProperties) = preSolution
		HideSolutionNode = FALSE
	EndGlobalSection
	GlobalSection(ExtensibilityGlobals) = postSolution
		SolutionGuid = {0710AB8C-A5BA-44D6-9A43-D249C917CBA7}
	EndGlobalSection
EndGlobal
